{
  "object": {
    "pins": [
      {
        "package": "DateGenerator",
        "repositoryURL": "/Users/daniel/Development/Solar/DateGenerator",
        "state": {
          "branch": "master",
          "revision": "582398c27843f031a420b049e92014f770a2ccb6",
          "version": null
        }
      },
      {
        "package": "SolarPosition",
        "repositoryURL": "/Users/daniel/Development/Solar/SolarPosition",
        "state": {
          "branch": "master",
          "revision": "e2ac5549dcca77198449d290b95a9cc25c644bdf",
          "version": null
        }
      },
      {
        "package": "Willow",
        "repositoryURL": "https://github.com/Nike-Inc/Willow.git",
        "state": {
          "branch": null,
          "revision": "bee75d06f0e94a7053a790f0327220d53f075758",
          "version": "5.0.2"
        }
      }
    ]
  },
  "version": 1
}
